
Microsoft Visual Studio Solution File, Format Version 11.00
# Visual Studio 2010
Project("{FAE04EC0-301F-11D3-BF4B-00C04F79EFBC}") = "WinPruebaXbee", "WinPruebaXbee\WinPruebaXbee.csproj", "{9B3B6157-768A-4B6E-B8E0-521985BDEB00}"
EndProject
Project("{FAE04EC0-301F-11D3-BF4B-00C04F79EFBC}") = "API_Xbee", "API_Xbee\API_Xbee.csproj", "{D86417CE-E19C-4871-83F1-F8C5204AB9B1}"
EndProject
Project("{FAE04EC0-301F-11D3-BF4B-00C04F79EFBC}") = "CommUART", "CommUART\CommUART.csproj", "{8E29108B-56FE-451B-B89E-2D1613E91493}"
EndProject
Global
	GlobalSection(SolutionConfigurationPlatforms) = preSolution
		Debug|Any CPU = Debug|Any CPU
		Release|Any CPU = Release|Any CPU
	EndGlobalSection
	GlobalSection(ProjectConfigurationPlatforms) = postSolution
		{9B3B6157-768A-4B6E-B8E0-521985BDEB00}.Debug|Any CPU.ActiveCfg = Debug|Any CPU
		{9B3B6157-768A-4B6E-B8E0-521985BDEB00}.Debug|Any CPU.Build.0 = Debug|Any CPU
		{9B3B6157-768A-4B6E-B8E0-521985BDEB00}.Release|Any CPU.ActiveCfg = Release|Any CPU
		{9B3B6157-768A-4B6E-B8E0-521985BDEB00}.Release|Any CPU.Build.0 = Release|Any CPU
		{D86417CE-E19C-4871-83F1-F8C5204AB9B1}.Debug|Any CPU.ActiveCfg = Debug|Any CPU
		{D86417CE-E19C-4871-83F1-F8C5204AB9B1}.Debug|Any CPU.Build.0 = Debug|Any CPU
		{D86417CE-E19C-4871-83F1-F8C5204AB9B1}.Release|Any CPU.ActiveCfg = Release|Any CPU
		{D86417CE-E19C-4871-83F1-F8C5204AB9B1}.Release|Any CPU.Build.0 = Release|Any CPU
		{8E29108B-56FE-451B-B89E-2D1613E91493}.Debug|Any CPU.ActiveCfg = Debug|Any CPU
		{8E29108B-56FE-451B-B89E-2D1613E91493}.Debug|Any CPU.Build.0 = Debug|Any CPU
		{8E29108B-56FE-451B-B89E-2D1613E91493}.Release|Any CPU.ActiveCfg = Release|Any CPU
		{8E29108B-56FE-451B-B89E-2D1613E91493}.Release|Any CPU.Build.0 = Release|Any CPU
	EndGlobalSection
	GlobalSection(SolutionProperties) = preSolution
		HideSolutionNode = FALSE
	EndGlobalSection
EndGlobal
